// !$*UTF8*$!
{
	archiveVersion = 1;
	classes = {
	};
	objectVersion = 50;
	objects = {

/* Begin PBXBuildFile section */
		A3BB233F2136E28E0099F2E3 /* AppDelegate.swift in Sources */ = {isa = PBXBuildFile; fileRef = A3BB233E2136E28E0099F2E3 /* AppDelegate.swift */; };
		A3BB23412136E28E0099F2E3 /* ViewController.swift in Sources */ = {isa = PBXBuildFile; fileRef = A3BB23402136E28E0099F2E3 /* ViewController.swift */; };
		A3BB23442136E28E0099F2E3 /* Main.storyboard in Resources */ = {isa = PBXBuildFile; fileRef = A3BB23422136E28E0099F2E3 /* Main.storyboard */; };
		A3BB23462136E29E0099F2E3 /* Assets.xcassets in Resources */ = {isa = PBXBuildFile; fileRef = A3BB23452136E29E0099F2E3 /* Assets.xcassets */; };
		A3BB23492136E29E0099F2E3 /* LaunchScreen.storyboard in Resources */ = {isa = PBXBuildFile; fileRef = A3BB23472136E29E0099F2E3 /* LaunchScreen.storyboard */; };
		A3BB23542136E2A00099F2E3 /* KiyaAppleTests.swift in Sources */ = {isa = PBXBuildFile; fileRef = A3BB23532136E2A00099F2E3 /* KiyaAppleTests.swift */; };
		A3BB235F2136E2A00099F2E3 /* KiyaAppleUITests.swift in Sources */ = {isa = PBXBuildFile; fileRef = A3BB235E2136E2A00099F2E3 /* KiyaAppleUITests.swift */; };
/* End PBXBuildFile section */

/* Begin PBXContainerItemProxy section */
		A3BB23502136E2A00099F2E3 /* PBXContainerItemProxy */ = {
			isa = PBXContainerItemProxy;
			containerPortal = A3BB23332136E28C0099F2E3 /* Project object */;
			proxyType = 1;
			remoteGlobalIDString = A3BB233A2136E28D0099F2E3;
			remoteInfo = KiyaApple;
		};
		A3BB235B2136E2A00099F2E3 /* PBXContainerItemProxy */ = {
			isa = PBXContainerItemProxy;
			containerPortal = A3BB23332136E28C0099F2E3 /* Project object */;
			proxyType = 1;
			remoteGlobalIDString = A3BB233A2136E28D0099F2E3;
			remoteInfo = KiyaApple;
		};
/* End PBXContainerItemProxy section */

/* Begin PBXFileReference section */
		A3BB233B2136E28E0099F2E3 /* KiyaApple.app */ = {isa = PBXFileReference; explicitFileType = wrapper.application; includeInIndex = 0; path = KiyaApple.app; sourceTree = BUILT_PRODUCTS_DIR; };
		A3BB233E2136E28E0099F2E3 /* AppDelegate.swift */ = {isa = PBXFileReference; lastKnownFileType = sourcecode.swift; path = AppDelegate.swift; sourceTree = "<group>"; };
		A3BB23402136E28E0099F2E3 /* ViewController.swift */ = {isa = PBXFileReference; lastKnownFileType = sourcecode.swift; path = ViewController.swift; sourceTree = "<group>"; };
		A3BB23432136E28E0099F2E3 /* Base */ = {isa = PBXFileReference; lastKnownFileType = file.storyboard; name = Base; path = Base.lproj/Main.storyboard; sourceTree = "<group>"; };
		A3BB23452136E29E0099F2E3 /* Assets.xcassets */ = {isa = PBXFileReference; lastKnownFileType = folder.assetcatalog; path = Assets.xcassets; sourceTree = "<group>"; };
		A3BB23482136E29E0099F2E3 /* Base */ = {isa = PBXFileReference; lastKnownFileType = file.storyboard; name = Base; path = Base.lproj/LaunchScreen.storyboard; sourceTree = "<group>"; };
		A3BB234A2136E29F0099F2E3 /* Info.plist */ = {isa = PBXFileReference; lastKnownFileType = text.plist.xml; path = Info.plist; sourceTree = "<group>"; };
		A3BB234F2136E2A00099F2E3 /* KiyaAppleTests.xctest */ = {isa = PBXFileReference; explicitFileType = wrapper.cfbundle; includeInIndex = 0; path = KiyaAppleTests.xctest; sourceTree = BUILT_PRODUCTS_DIR; };
		A3BB23532136E2A00099F2E3 /* KiyaAppleTests.swift */ = {isa = PBXFileReference; lastKnownFileType = sourcecode.swift; path = KiyaAppleTests.swift; sourceTree = "<group>"; };
		A3BB23552136E2A00099F2E3 /* Info.plist */ = {isa = PBXFileReference; lastKnownFileType = text.plist.xml; path = Info.plist; sourceTree = "<group>"; };
		A3BB235A2136E2A00099F2E3 /* KiyaAppleUITests.xctest */ = {isa = PBXFileReference; explicitFileType = wrapper.cfbundle; includeInIndex = 0; path = KiyaAppleUITests.xctest; sourceTree = BUILT_PRODUCTS_DIR; };
		A3BB235E2136E2A00099F2E3 /* KiyaAppleUITests.swift */ = {isa = PBXFileReference; lastKnownFileType = sourcecode.swift; path = KiyaAppleUITests.swift; sourceTree = "<group>"; };
		A3BB23602136E2A00099F2E3 /* Info.plist */ = {isa = PBXFileReference; lastKnownFileType = text.plist.xml; path = Info.plist; sourceTree = "<group>"; };
/* End PBXFileReference section */

/* Begin PBXFrameworksBuildPhase section */
		A3BB23382136E28D0099F2E3 /* Frameworks */ = {
			isa = PBXFrameworksBuildPhase;
			buildActionMask = 2147483647;
			files = (
			);
			runOnlyForDeploymentPostprocessing = 0;
		};
		A3BB234C2136E2A00099F2E3 /* Frameworks */ = {
			isa = PBXFrameworksBuildPhase;
			buildActionMask = 2147483647;
			files = (
			);
			runOnlyForDeploymentPostprocessing = 0;
		};
		A3BB23572136E2A00099F2E3 /* Frameworks */ = {
			isa = PBXFrameworksBuildPhase;
			buildActionMask = 2147483647;
			files = (
			);
			runOnlyForDeploymentPostprocessing = 0;
		};
/* End PBXFrameworksBuildPhase section */

/* Begin PBXGroup section */
		A3BB23322136E28C0099F2E3 = {
			isa = PBXGroup;
			children = (
				A3BB233D2136E28E0099F2E3 /* KiyaApple */,
				A3BB23522136E2A00099F2E3 /* KiyaAppleTests */,
				A3BB235D2136E2A00099F2E3 /* KiyaAppleUITests */,
				A3BB233C2136E28E0099F2E3 /* Products */,
			);
			sourceTree = "<group>";
		};
		A3BB233C2136E28E0099F2E3 /* Products */ = {
			isa = PBXGroup;
			children = (
				A3BB233B2136E28E0099F2E3 /* KiyaApple.app */,
				A3BB234F2136E2A00099F2E3 /* KiyaAppleTests.xctest */,
				A3BB235A2136E2A00099F2E3 /* KiyaAppleUITests.xctest */,
			);
			name = Products;
			sourceTree = "<group>";
		};
		A3BB233D2136E28E0099F2E3 /* KiyaApple */ = {
			isa = PBXGroup;
			children = (
				A3BB233E2136E28E0099F2E3 /* AppDelegate.swift */,
				A3BB23402136E28E0099F2E3 /* ViewController.swift */,
				A3BB23422136E28E0099F2E3 /* Main.storyboard */,
				A3BB23452136E29E0099F2E3 /* Assets.xcassets */,
				A3BB23472136E29E0099F2E3 /* LaunchScreen.storyboard */,
				A3BB234A2136E29F0099F2E3 /* Info.plist */,
			);
			path = KiyaApple;
			sourceTree = "<group>";
		};
		A3BB23522136E2A00099F2E3 /* KiyaAppleTests */ = {
			isa = PBXGroup;
			children = (
				A3BB23532136E2A00099F2E3 /* KiyaAppleTests.swift */,
				A3BB23552136E2A00099F2E3 /* Info.plist */,
			);
			path = KiyaAppleTests;
			sourceTree = "<group>";
		};
		A3BB235D2136E2A00099F2E3 /* KiyaAppleUITests */ = {
			isa = PBXGroup;
			children = (
				A3BB235E2136E2A00099F2E3 /* KiyaAppleUITests.swift */,
				A3BB23602136E2A00099F2E3 /* Info.plist */,
			);
			path = KiyaAppleUITests;
			sourceTree = "<group>";
		};
/* End PBXGroup section */

/* Begin PBXNativeTarget section */
		A3BB233A2136E28D0099F2E3 /* KiyaApple */ = {
			isa = PBXNativeTarget;
			buildConfigurationList = A3BB23632136E2A00099F2E3 /* Build configuration list for PBXNativeTarget "KiyaApple" */;
			buildPhases = (
				A3BB23372136E28D0099F2E3 /* Sources */,
				A3BB23382136E28D0099F2E3 /* Frameworks */,
				A3BB23392136E28D0099F2E3 /* Resources */,
			);
			buildRules = (
			);
			dependencies = (
			);
			name = KiyaApple;
			productName = KiyaApple;
			productReference = A3BB233B2136E28E0099F2E3 /* KiyaApple.app */;
			productType = "com.apple.product-type.application";
		};
		A3BB234E2136E2A00099F2E3 /* KiyaAppleTests */ = {
			isa = PBXNativeTarget;
			buildConfigurationList = A3BB23662136E2A00099F2E3 /* Build configuration list for PBXNativeTarget "KiyaAppleTests" */;
			buildPhases = (
				A3BB234B2136E2A00099F2E3 /* Sources */,
				A3BB234C2136E2A00099F2E3 /* Frameworks */,
				A3BB234D2136E2A00099F2E3 /* Resources */,
			);
			buildRules = (
			);
			dependencies = (
				A3BB23512136E2A00099F2E3 /* PBXTargetDependency */,
			);
			name = KiyaAppleTests;
			productName = KiyaAppleTests;
			productReference = A3BB234F2136E2A00099F2E3 /* KiyaAppleTests.xctest */;
			productType = "com.apple.product-type.bundle.unit-test";
		};
		A3BB23592136E2A00099F2E3 /* KiyaAppleUITests */ = {
			isa = PBXNativeTarget;
			buildConfigurationList = A3BB23692136E2A00099F2E3 /* Build configuration list for PBXNativeTarget "KiyaAppleUITests" */;
			buildPhases = (
				A3BB23562136E2A00099F2E3 /* Sources */,
				A3BB23572136E2A00099F2E3 /* Frameworks */,
				A3BB23582136E2A00099F2E3 /* Resources */,
			);
			buildRules = (
			);
			dependencies = (
				A3BB235C2136E2A00099F2E3 /* PBXTargetDependency */,
			);
			name = KiyaAppleUITests;
			productName = KiyaAppleUITests;
			productReference = A3BB235A2136E2A00099F2E3 /* KiyaAppleUITests.xctest */;
			productType = "com.apple.product-type.bundle.ui-testing";
		};
/* End PBXNativeTarget section */

/* Begin PBXProject section */
		A3BB23332136E28C0099F2E3 /* Project object */ = {
			isa = PBXProject;
			attributes = {
				LastSwiftUpdateCheck = 0940;
				LastUpgradeCheck = 0940;
				ORGANIZATIONNAME = "Kiya Segni";
				TargetAttributes = {
					A3BB233A2136E28D0099F2E3 = {
						CreatedOnToolsVersion = 9.4.1;
					};
					A3BB234E2136E2A00099F2E3 = {
						CreatedOnToolsVersion = 9.4.1;
						TestTargetID = A3BB233A2136E28D0099F2E3;
					};
					A3BB23592136E2A00099F2E3 = {
						CreatedOnToolsVersion = 9.4.1;
						TestTargetID = A3BB233A2136E28D0099F2E3;
					};
				};
			};
			buildConfigurationList = A3BB23362136E28C0099F2E3 /* Build configuration list for PBXProject "KiyaApple" */;
			compatibilityVersion = "Xcode 9.3";
			developmentRegion = en;
			hasScannedForEncodings = 0;
			knownRegions = (
				en,
				Base,
			);
			mainGroup = A3BB23322136E28C0099F2E3;
			productRefGroup = A3BB233C2136E28E0099F2E3 /* Products */;
			projectDirPath = "";
			projectRoot = "";
			targets = (
				A3BB233A2136E28D0099F2E3 /* KiyaApple */,
				A3BB234E2136E2A00099F2E3 /* KiyaAppleTests */,
				A3BB23592136E2A00099F2E3 /* KiyaAppleUITests */,
			);
		};
/* End PBXProject section */

/* Begin PBXResourcesBuildPhase section */
		A3BB23392136E28D0099F2E3 /* Resources */ = {
			isa = PBXResourcesBuildPhase;
			buildActionMask = 2147483647;
			files = (
				A3BB23492136E29E0099F2E3 /* LaunchScreen.storyboard in Resources */,
				A3BB23462136E29E0099F2E3 /* Assets.xcassets in Resources */,
				A3BB23442136E28E0099F2E3 /* Main.storyboard in Resources */,
			);
			runOnlyForDeploymentPostprocessing = 0;
		};
		A3BB234D2136E2A00099F2E3 /* Resources */ = {
			isa = PBXResourcesBuildPhase;
			buildActionMask = 2147483647;
			files = (
			);
			runOnlyForDeploymentPostprocessing = 0;
		};
		A3BB23582136E2A00099F2E3 /* Resources */ = {
			isa = PBXResourcesBuildPhase;
			buildActionMask = 2147483647;
			files = (
			);
			runOnlyForDeploymentPostprocessing = 0;
		};
/* End PBXResourcesBuildPhase section */

/* Begin PBXSourcesBuildPhase section */
		A3BB23372136E28D0099F2E3 /* Sources */ = {
			isa = PBXSourcesBuildPhase;
			buildActionMask = 2147483647;
			files = (
				A3BB23412136E28E0099F2E3 /* ViewController.swift in Sources */,
				A3BB233F2136E28E0099F2E3 /* AppDelegate.swift in Sources */,
			);
			runOnlyForDeploymentPostprocessing = 0;
		};
		A3BB234B2136E2A00099F2E3 /* Sources */ = {
			isa = PBXSourcesBuildPhase;
			buildActionMask = 2147483647;
			files = (
				A3BB23542136E2A00099F2E3 /* KiyaAppleTests.swift in Sources */,
			);
			runOnlyForDeploymentPostprocessing = 0;
		};
		A3BB23562136E2A00099F2E3 /* Sources */ = {
			isa = PBXSourcesBuildPhase;
			buildActionMask = 2147483647;
			files = (
				A3BB235F2136E2A00099F2E3 /* KiyaAppleUITests.swift in Sources */,
			);
			runOnlyForDeploymentPostprocessing = 0;
		};
/* End PBXSourcesBuildPhase section */

/* Begin PBXTargetDependency section */
		A3BB23512136E2A00099F2E3 /* PBXTargetDependency */ = {
			isa = PBXTargetDependency;
			target = A3BB233A2136E28D0099F2E3 /* KiyaApple */;
			targetProxy = A3BB23502136E2A00099F2E3 /* PBXContainerItemProxy */;
		};
		A3BB235C2136E2A00099F2E3 /* PBXTargetDependency */ = {
			isa = PBXTargetDependency;
			target = A3BB233A2136E28D0099F2E3 /* KiyaApple */;
			targetProxy = A3BB235B2136E2A00099F2E3 /* PBXContainerItemProxy */;
		};
/* End PBXTargetDependency section */

/* Begin PBXVariantGroup section */
		A3BB23422136E28E0099F2E3 /* Main.storyboard */ = {
			isa = PBXVariantGroup;
			children = (
				A3BB23432136E28E0099F2E3 /* Base */,
			);
			name = Main.storyboard;
			sourceTree = "<group>";
		};
		A3BB23472136E29E0099F2E3 /* LaunchScreen.storyboard */ = {
			isa = PBXVariantGroup;
			children = (
				A3BB23482136E29E0099F2E3 /* Base */,
			);
			name = LaunchScreen.storyboard;
			sourceTree = "<group>";
		};
/* End PBXVariantGroup section */

/* Begin XCBuildConfiguration section */
		A3BB23612136E2A00099F2E3 /* Debug */ = {
			isa = XCBuildConfiguration;
			buildSettings = {
				ALWAYS_SEARCH_USER_PATHS = NO;
				CLANG_ANALYZER_NONNULL = YES;
				CLANG_ANALYZER_NUMBER_OBJECT_CONVERSION = YES_AGGRESSIVE;
				CLANG_CXX_LANGUAGE_STANDARD = "gnu++14";
				CLANG_CXX_LIBRARY = "libc++";
				CLANG_ENABLE_MODULES = YES;
				CLANG_ENABLE_OBJC_ARC = YES;
				CLANG_ENABLE_OBJC_WEAK = YES;
				CLANG_WARN_BLOCK_CAPTURE_AUTORELEASING = YES;
				CLANG_WARN_BOOL_CONVERSION = YES;
				CLANG_WARN_COMMA = YES;
				CLANG_WARN_CONSTANT_CONVERSION = YES;
				CLANG_WARN_DEPRECATED_OBJC_IMPLEMENTATIONS = YES;
				CLANG_WARN_DIRECT_OBJC_ISA_USAGE = YES_ERROR;
				CLANG_WARN_DOCUMENTATION_COMMENTS = YES;
				CLANG_WARN_EMPTY_BODY = YES;
				CLANG_WARN_ENUM_CONVERSION = YES;
				CLANG_WARN_INFINITE_RECURSION = YES;
				CLANG_WARN_INT_CONVERSION = YES;
				CLANG_WARN_NON_LITERAL_NULL_CONVERSION = YES;
				CLANG_WARN_OBJC_IMPLICIT_RETAIN_SELF = YES;
				CLANG_WARN_OBJC_LITERAL_CONVERSION = YES;
				CLANG_WARN_OBJC_ROOT_CLASS = YES_ERROR;
				CLANG_WARN_RANGE_LOOP_ANALYSIS = YES;
				CLANG_WARN_STRICT_PROTOTYPES = YES;
				CLANG_WARN_SUSPICIOUS_MOVE = YES;
				CLANG_WARN_UNGUARDED_AVAILABILITY = YES_AGGRESSIVE;
				CLANG_WARN_UNREACHABLE_CODE = YES;
				CLANG_WARN__DUPLICATE_METHOD_MATCH = YES;
				CODE_SIGN_IDENTITY = "iPhone Developer";
				COPY_PHASE_STRIP = NO;
				DEBUG_INFORMATION_FORMAT = dwarf;
				ENABLE_STRICT_OBJC_MSGSEND = YES;
				ENABLE_TESTABILITY = YES;
				GCC_C_LANGUAGE_STANDARD = gnu11;
				GCC_DYNAMIC_NO_PIC = NO;
				GCC_NO_COMMON_BLOCKS = YES;
				GCC_OPTIMIZATION_LEVEL = 0;
				GCC_PREPROCESSOR_DEFINITIONS = (
					"DEBUG=1",
					"$(inherited)",
				);
				GCC_WARN_64_TO_32_BIT_CONVERSION = YES;
				GCC_WARN_ABOUT_RETURN_TYPE = YES_ERROR;
				GCC_WARN_UNDECLARED_SELECTOR = YES;
				GCC_WARN_UNINITIALIZED_AUTOS = YES_AGGRESSIVE;
				GCC_WARN_UNUSED_FUNCTION = YES;
				GCC_WARN_UNUSED_VARIABLE = YES;
				IPHONEOS_DEPLOYMENT_TARGET = 11.4;
				MTL_ENABLE_DEBUG_INFO = YES;
				ONLY_ACTIVE_ARCH = YES;
				SDKROOT = iphoneos;
				SWIFT_ACTIVE_COMPILATION_CONDITIONS = DEBUG;
				SWIFT_OPTIMIZATION_LEVEL = "-Onone";
			};
			name = Debug;
		};
		A3BB23622136E2A00099F2E3 /* Release */ = {
			isa = XCBuildConfiguration;
			buildSettings = {
				ALWAYS_SEARCH_USER_PATHS = NO;
				CLANG_ANALYZER_NONNULL = YES;
				CLANG_ANALYZER_NUMBER_OBJECT_CONVERSION = YES_AGGRESSIVE;
				CLANG_CXX_LANGUAGE_STANDARD = "gnu++14";
				CLANG_CXX_LIBRARY = "libc++";
				CLANG_ENABLE_MODULES = YES;
				CLANG_ENABLE_OBJC_ARC = YES;
				CLANG_ENABLE_OBJC_WEAK = YES;
				CLANG_WARN_BLOCK_CAPTURE_AUTORELEASING = YES;
				CLANG_WARN_BOOL_CONVERSION = YES;
				CLANG_WARN_COMMA = YES;
				CLANG_WARN_CONSTANT_CONVERSION = YES;
				CLANG_WARN_DEPRECATED_OBJC_IMPLEMENTATIONS = YES;
				CLANG_WARN_DIRECT_OBJC_ISA_USAGE = YES_ERROR;
				CLANG_WARN_DOCUMENTATION_COMMENTS = YES;
				CLANG_WARN_EMPTY_BODY = YES;
				CLANG_WARN_ENUM_CONVERSION = YES;
				CLANG_WARN_INFINITE_RECURSION = YES;
				CLANG_WARN_INT_CONVERSION = YES;
				CLANG_WARN_NON_LITERAL_NULL_CONVERSION = YES;
				CLANG_WARN_OBJC_IMPLICIT_RETAIN_SELF = YES;
				CLANG_WARN_OBJC_LITERAL_CONVERSION = YES;
				CLANG_WARN_OBJC_ROOT_CLASS = YES_ERROR;
				CLANG_WARN_RANGE_LOOP_ANALYSIS = YES;
				CLANG_WARN_STRICT_PROTOTYPES = YES;
				CLANG_WARN_SUSPICIOUS_MOVE = YES;
				CLANG_WARN_UNGUARDED_AVAILABILITY = YES_AGGRESSIVE;
				CLANG_WARN_UNREACHABLE_CODE = YES;
				CLANG_WARN__DUPLICATE_METHOD_MATCH = YES;
				CODE_SIGN_IDENTITY = "iPhone Developer";
				COPY_PHASE_STRIP = NO;
				DEBUG_INFORMATION_FORMAT = "dwarf-with-dsym";
				ENABLE_NS_ASSERTIONS = NO;
				ENABLE_STRICT_OBJC_MSGSEND = YES;
				GCC_C_LANGUAGE_STANDARD = gnu11;
				GCC_NO_COMMON_BLOCKS = YES;
				GCC_WARN_64_TO_32_BIT_CONVERSION = YES;
				GCC_WARN_ABOUT_RETURN_TYPE = YES_ERROR;
				GCC_WARN_UNDECLARED_SELECTOR = YES;
				GCC_WARN_UNINITIALIZED_AUTOS = YES_AGGRESSIVE;
				GCC_WARN_UNUSED_FUNCTION = YES;
				GCC_WARN_UNUSED_VARIABLE = YES;
				IPHONEOS_DEPLOYMENT_TARGET = 11.4;
				MTL_ENABLE_DEBUG_INFO = NO;
				SDKROOT = iphoneos;
				SWIFT_COMPILATION_MODE = wholemodule;
				SWIFT_OPTIMIZATION_LEVEL = "-O";
				VALIDATE_PRODUCT = YES;
			};
			name = Release;
		};
		A3BB23642136E2A00099F2E3 /* Debug */ = {
			isa = XCBuildConfiguration;
			buildSettings = {
				ASSETCATALOG_COMPILER_APPICON_NAME = AppIcon;
				CODE_SIGN_STYLE = Automatic;
				INFOPLIST_FILE = KiyaApple/Info.plist;
				LD_RUNPATH_SEARCH_PATHS = (
					"$(inherited)",
					"@executable_path/Frameworks",
				);
				PRODUCT_BUNDLE_IDENTIFIER = com.codepath.KiyaApple;
				PRODUCT_NAME = "$(TARGET_NAME)";
				SWIFT_VERSION = 4.0;
				TARGETED_DEVICE_FAMILY = "1,2";
			};
			name = Debug;
		};
		A3BB23652136E2A00099F2E3 /* Release */ = {
			isa = XCBuildConfiguration;
			buildSettings = {
				ASSETCATALOG_COMPILER_APPICON_NAME = AppIcon;
				CODE_SIGN_STYLE = Automatic;
				INFOPLIST_FILE = KiyaApple/Info.plist;
				LD_RUNPATH_SEARCH_PATHS = (
					"$(inherited)",
					"@executable_path/Frameworks",
				);
				PRODUCT_BUNDLE_IDENTIFIER = com.codepath.KiyaApple;
				PRODUCT_NAME = "$(TARGET_NAME)";
				SWIFT_VERSION = 4.0;
				TARGETED_DEVICE_FAMILY = "1,2";
			};
			name = Release;
		};
		A3BB23672136E2A00099F2E3 /* Debug */ = {
			isa = XCBuildConfiguration;
			buildSettings = {
				ALWAYS_EMBED_SWIFT_STANDARD_LIBRARIES = YES;
				BUNDLE_LOADER = "$(TEST_HOST)";
				CODE_SIGN_STYLE = Automatic;
				INFOPLIST_FILE = KiyaAppleTests/Info.plist;
				LD_RUNPATH_SEARCH_PATHS = (
					"$(inherited)",
					"@executable_path/Frameworks",
					"@loader_path/Frameworks",
				);
				PRODUCT_BUNDLE_IDENTIFIER = com.codepath.KiyaAppleTests;
				PRODUCT_NAME = "$(TARGET_NAME)";
				SWIFT_VERSION = 4.0;
				TARGETED_DEVICE_FAMILY = "1,2";
				TEST_HOST = "$(BUILT_PRODUCTS_DIR)/KiyaApple.app/KiyaApple";
			};
			name = Debug;
		};
		A3BB23682136E2A00099F2E3 /* Release */ = {
			isa = XCBuildConfiguration;
			buildSettings = {
				ALWAYS_EMBED_SWIFT_STANDARD_LIBRARIES = YES;
				BUNDLE_LOADER = "$(TEST_HOST)";
				CODE_SIGN_STYLE = Automatic;
				INFOPLIST_FILE = KiyaAppleTests/Info.plist;
				LD_RUNPATH_SEARCH_PATHS = (
					"$(inherited)",
					"@executable_path/Frameworks",
					"@loader_path/Frameworks",
				);
				PRODUCT_BUNDLE_IDENTIFIER = com.codepath.KiyaAppleTests;
				PRODUCT_NAME = "$(TARGET_NAME)";
				SWIFT_VERSION = 4.0;
				TARGETED_DEVICE_FAMILY = "1,2";
				TEST_HOST = "$(BUILT_PRODUCTS_DIR)/KiyaApple.app/KiyaApple";
			};
			name = Release;
		};
		A3BB236A2136E2A00099F2E3 /* Debug */ = {
			isa = XCBuildConfiguration;
			buildSettings = {
				ALWAYS_EMBED_SWIFT_STANDARD_LIBRARIES = YES;
				CODE_SIGN_STYLE = Automatic;
				INFOPLIST_FILE = KiyaAppleUITests/Info.plist;
				LD_RUNPATH_SEARCH_PATHS = (
					"$(inherited)",
					"@executable_path/Frameworks",
					"@loader_path/Frameworks",
				);
				PRODUCT_BUNDLE_IDENTIFIER = com.codepath.KiyaAppleUITests;
				PRODUCT_NAME = "$(TARGET_NAME)";
				SWIFT_VERSION = 4.0;
				TARGETED_DEVICE_FAMILY = "1,2";
				TEST_TARGET_NAME = KiyaApple;
			};
			name = Debug;
		};
		A3BB236B2136E2A00099F2E3 /* Release */ = {
			isa = XCBuildConfiguration;
			buildSettings = {
				ALWAYS_EMBED_SWIFT_STANDARD_LIBRARIES = YES;
				CODE_SIGN_STYLE = Automatic;
				INFOPLIST_FILE = KiyaAppleUITests/Info.plist;
				LD_RUNPATH_SEARCH_PATHS = (
					"$(inherited)",
					"@executable_path/Frameworks",
					"@loader_path/Frameworks",
				);
				PRODUCT_BUNDLE_IDENTIFIER = com.codepath.KiyaAppleUITests;
				PRODUCT_NAME = "$(TARGET_NAME)";
				SWIFT_VERSION = 4.0;
				TARGETED_DEVICE_FAMILY = "1,2";
				TEST_TARGET_NAME = KiyaApple;
			};
			name = Release;
		};
/* End XCBuildConfiguration section */

/* Begin XCConfigurationList section */
		A3BB23362136E28C0099F2E3 /* Build configuration list for PBXProject "KiyaApple" */ = {
			isa = XCConfigurationList;
			buildConfigurations = (
				A3BB23612136E2A00099F2E3 /* Debug */,
				A3BB23622136E2A00099F2E3 /* Release */,
			);
			defaultConfigurationIsVisible = 0;
			defaultConfigurationName = Release;
		};
		A3BB23632136E2A00099F2E3 /* Build configuration list for PBXNativeTarget "KiyaApple" */ = {
			isa = XCConfigurationList;
			buildConfigurations = (
				A3BB23642136E2A00099F2E3 /* Debug */,
				A3BB23652136E2A00099F2E3 /* Release */,
			);
			defaultConfigurationIsVisible = 0;
			defaultConfigurationName = Release;
		};
		A3BB23662136E2A00099F2E3 /* Build configuration list for PBXNativeTarget "KiyaAppleTests" */ = {
			isa = XCConfigurationList;
			buildConfigurations = (
				A3BB23672136E2A00099F2E3 /* Debug */,
				A3BB23682136E2A00099F2E3 /* Release */,
			);
			defaultConfigurationIsVisible = 0;
			defaultConfigurationName = Release;
		};
		A3BB23692136E2A00099F2E3 /* Build configuration list for PBXNativeTarget "KiyaAppleUITests" */ = {
			isa = XCConfigurationList;
			buildConfigurations = (
				A3BB236A2136E2A00099F2E3 /* Debug */,
				A3BB236B2136E2A00099F2E3 /* Release */,
			);
			defaultConfigurationIsVisible = 0;
			defaultConfigurationName = Release;
		};
/* End XCConfigurationList section */
	};
	rootObject = A3BB23332136E28C0099F2E3 /* Project object */;
}
